// !$*UTF8*$!
{
	archiveVersion = 1;
	classes = {
	};
	objectVersion = 56;
	objects = {

/* Begin PBXBuildFile section */
		6A0E0C312C2B31A600DA0FC0 /* AppDelegate.swift in Sources */ = {isa = PBXBuildFile; fileRef = 6A0E0C302C2B31A600DA0FC0 /* AppDelegate.swift */; };
		6A0E0C332C2B31A600DA0FC0 /* SceneDelegate.swift in Sources */ = {isa = PBXBuildFile; fileRef = 6A0E0C322C2B31A600DA0FC0 /* SceneDelegate.swift */; };
		6A0E0C352C2B31A600DA0FC0 /* ViewController.swift in Sources */ = {isa = PBXBuildFile; fileRef = 6A0E0C342C2B31A600DA0FC0 /* ViewController.swift */; };
		6A0E0C3A2C2B31A800DA0FC0 /* Assets.xcassets in Resources */ = {isa = PBXBuildFile; fileRef = 6A0E0C392C2B31A800DA0FC0 /* Assets.xcassets */; };
		6A0E0C3D2C2B31A800DA0FC0 /* Base in Resources */ = {isa = PBXBuildFile; fileRef = 6A0E0C3C2C2B31A800DA0FC0 /* Base */; };
		6A0E0C482C2B31A900DA0FC0 /* Estudo_CoordinatorTests.swift in Sources */ = {isa = PBXBuildFile; fileRef = 6A0E0C472C2B31A900DA0FC0 /* Estudo_CoordinatorTests.swift */; };
		6A0E0C522C2B31A900DA0FC0 /* Estudo_CoordinatorUITests.swift in Sources */ = {isa = PBXBuildFile; fileRef = 6A0E0C512C2B31A900DA0FC0 /* Estudo_CoordinatorUITests.swift */; };
		6A0E0C542C2B31A900DA0FC0 /* Estudo_CoordinatorUITestsLaunchTests.swift in Sources */ = {isa = PBXBuildFile; fileRef = 6A0E0C532C2B31A900DA0FC0 /* Estudo_CoordinatorUITestsLaunchTests.swift */; };
		6A0E0C622C2B31FD00DA0FC0 /* AppCoordinator.swift in Sources */ = {isa = PBXBuildFile; fileRef = 6A0E0C612C2B31FD00DA0FC0 /* AppCoordinator.swift */; };
		6A0E0C642C2B320F00DA0FC0 /* MainCoordinator.swift in Sources */ = {isa = PBXBuildFile; fileRef = 6A0E0C632C2B320F00DA0FC0 /* MainCoordinator.swift */; };
		6A0E0C662C2B321B00DA0FC0 /* Coordinator.swift in Sources */ = {isa = PBXBuildFile; fileRef = 6A0E0C652C2B321B00DA0FC0 /* Coordinator.swift */; };
		6A0E0C692C2B323A00DA0FC0 /* FirstViewController.swift in Sources */ = {isa = PBXBuildFile; fileRef = 6A0E0C682C2B323A00DA0FC0 /* FirstViewController.swift */; };
		6A0E0C6B2C2B324A00DA0FC0 /* SecondViewController.swift in Sources */ = {isa = PBXBuildFile; fileRef = 6A0E0C6A2C2B324A00DA0FC0 /* SecondViewController.swift */; };
		6A0E0C6E2C2DA15F00DA0FC0 /* ViewDelegate.swift in Sources */ = {isa = PBXBuildFile; fileRef = 6A0E0C6D2C2DA15F00DA0FC0 /* ViewDelegate.swift */; };
		6A0E0C702C2DA19F00DA0FC0 /* ThirdViewController .swift in Sources */ = {isa = PBXBuildFile; fileRef = 6A0E0C6F2C2DA19F00DA0FC0 /* ThirdViewController .swift */; };
/* End PBXBuildFile section */

/* Begin PBXContainerItemProxy section */
		6A0E0C442C2B31A900DA0FC0 /* PBXContainerItemProxy */ = {
			isa = PBXContainerItemProxy;
			containerPortal = 6A0E0C252C2B31A600DA0FC0 /* Project object */;
			proxyType = 1;
			remoteGlobalIDString = 6A0E0C2C2C2B31A600DA0FC0;
			remoteInfo = Estudo_Coordinator;
		};
		6A0E0C4E2C2B31A900DA0FC0 /* PBXContainerItemProxy */ = {
			isa = PBXContainerItemProxy;
			containerPortal = 6A0E0C252C2B31A600DA0FC0 /* Project object */;
			proxyType = 1;
			remoteGlobalIDString = 6A0E0C2C2C2B31A600DA0FC0;
			remoteInfo = Estudo_Coordinator;
		};
/* End PBXContainerItemProxy section */

/* Begin PBXFileReference section */
		6A0E0C2D2C2B31A600DA0FC0 /* Estudo_Coordinator.app */ = {isa = PBXFileReference; explicitFileType = wrapper.application; includeInIndex = 0; path = Estudo_Coordinator.app; sourceTree = BUILT_PRODUCTS_DIR; };
		6A0E0C302C2B31A600DA0FC0 /* AppDelegate.swift */ = {isa = PBXFileReference; lastKnownFileType = sourcecode.swift; path = AppDelegate.swift; sourceTree = "<group>"; };
		6A0E0C322C2B31A600DA0FC0 /* SceneDelegate.swift */ = {isa = PBXFileReference; lastKnownFileType = sourcecode.swift; path = SceneDelegate.swift; sourceTree = "<group>"; };
		6A0E0C342C2B31A600DA0FC0 /* ViewController.swift */ = {isa = PBXFileReference; lastKnownFileType = sourcecode.swift; path = ViewController.swift; sourceTree = "<group>"; };
		6A0E0C392C2B31A800DA0FC0 /* Assets.xcassets */ = {isa = PBXFileReference; lastKnownFileType = folder.assetcatalog; path = Assets.xcassets; sourceTree = "<group>"; };
		6A0E0C3C2C2B31A800DA0FC0 /* Base */ = {isa = PBXFileReference; lastKnownFileType = file.storyboard; name = Base; path = Base.lproj/LaunchScreen.storyboard; sourceTree = "<group>"; };
		6A0E0C3E2C2B31A800DA0FC0 /* Info.plist */ = {isa = PBXFileReference; lastKnownFileType = text.plist.xml; path = Info.plist; sourceTree = "<group>"; };
		6A0E0C432C2B31A900DA0FC0 /* Estudo_CoordinatorTests.xctest */ = {isa = PBXFileReference; explicitFileType = wrapper.cfbundle; includeInIndex = 0; path = Estudo_CoordinatorTests.xctest; sourceTree = BUILT_PRODUCTS_DIR; };
		6A0E0C472C2B31A900DA0FC0 /* Estudo_CoordinatorTests.swift */ = {isa = PBXFileReference; lastKnownFileType = sourcecode.swift; path = Estudo_CoordinatorTests.swift; sourceTree = "<group>"; };
		6A0E0C4D2C2B31A900DA0FC0 /* Estudo_CoordinatorUITests.xctest */ = {isa = PBXFileReference; explicitFileType = wrapper.cfbundle; includeInIndex = 0; path = Estudo_CoordinatorUITests.xctest; sourceTree = BUILT_PRODUCTS_DIR; };
		6A0E0C512C2B31A900DA0FC0 /* Estudo_CoordinatorUITests.swift */ = {isa = PBXFileReference; lastKnownFileType = sourcecode.swift; path = Estudo_CoordinatorUITests.swift; sourceTree = "<group>"; };
		6A0E0C532C2B31A900DA0FC0 /* Estudo_CoordinatorUITestsLaunchTests.swift */ = {isa = PBXFileReference; lastKnownFileType = sourcecode.swift; path = Estudo_CoordinatorUITestsLaunchTests.swift; sourceTree = "<group>"; };
		6A0E0C612C2B31FD00DA0FC0 /* AppCoordinator.swift */ = {isa = PBXFileReference; lastKnownFileType = sourcecode.swift; path = AppCoordinator.swift; sourceTree = "<group>"; };
		6A0E0C632C2B320F00DA0FC0 /* MainCoordinator.swift */ = {isa = PBXFileReference; lastKnownFileType = sourcecode.swift; path = MainCoordinator.swift; sourceTree = "<group>"; };
		6A0E0C652C2B321B00DA0FC0 /* Coordinator.swift */ = {isa = PBXFileReference; lastKnownFileType = sourcecode.swift; path = Coordinator.swift; sourceTree = "<group>"; };
		6A0E0C682C2B323A00DA0FC0 /* FirstViewController.swift */ = {isa = PBXFileReference; lastKnownFileType = sourcecode.swift; path = FirstViewController.swift; sourceTree = "<group>"; };
		6A0E0C6A2C2B324A00DA0FC0 /* SecondViewController.swift */ = {isa = PBXFileReference; lastKnownFileType = sourcecode.swift; path = SecondViewController.swift; sourceTree = "<group>"; };
		6A0E0C6D2C2DA15F00DA0FC0 /* ViewDelegate.swift */ = {isa = PBXFileReference; lastKnownFileType = sourcecode.swift; path = ViewDelegate.swift; sourceTree = "<group>"; };
		6A0E0C6F2C2DA19F00DA0FC0 /* ThirdViewController .swift */ = {isa = PBXFileReference; lastKnownFileType = sourcecode.swift; path = "ThirdViewController .swift"; sourceTree = "<group>"; };
/* End PBXFileReference section */

/* Begin PBXFrameworksBuildPhase section */
		6A0E0C2A2C2B31A600DA0FC0 /* Frameworks */ = {
			isa = PBXFrameworksBuildPhase;
			buildActionMask = 2147483647;
			files = (
			);
			runOnlyForDeploymentPostprocessing = 0;
		};
		6A0E0C402C2B31A900DA0FC0 /* Frameworks */ = {
			isa = PBXFrameworksBuildPhase;
			buildActionMask = 2147483647;
			files = (
			);
			runOnlyForDeploymentPostprocessing = 0;
		};
		6A0E0C4A2C2B31A900DA0FC0 /* Frameworks */ = {
			isa = PBXFrameworksBuildPhase;
			buildActionMask = 2147483647;
			files = (
			);
			runOnlyForDeploymentPostprocessing = 0;
		};
/* End PBXFrameworksBuildPhase section */

/* Begin PBXGroup section */
		6A0E0C242C2B31A600DA0FC0 = {
			isa = PBXGroup;
			children = (
				6A0E0C2F2C2B31A600DA0FC0 /* Estudo_Coordinator */,
				6A0E0C462C2B31A900DA0FC0 /* Estudo_CoordinatorTests */,
				6A0E0C502C2B31A900DA0FC0 /* Estudo_CoordinatorUITests */,
				6A0E0C2E2C2B31A600DA0FC0 /* Products */,
			);
			sourceTree = "<group>";
		};
		6A0E0C2E2C2B31A600DA0FC0 /* Products */ = {
			isa = PBXGroup;
			children = (
				6A0E0C2D2C2B31A600DA0FC0 /* Estudo_Coordinator.app */,
				6A0E0C432C2B31A900DA0FC0 /* Estudo_CoordinatorTests.xctest */,
				6A0E0C4D2C2B31A900DA0FC0 /* Estudo_CoordinatorUITests.xctest */,
			);
			name = Products;
			sourceTree = "<group>";
		};
		6A0E0C2F2C2B31A600DA0FC0 /* Estudo_Coordinator */ = {
			isa = PBXGroup;
			children = (
				6A0E0C6C2C2DA14A00DA0FC0 /* View */,
				6A0E0C672C2B322500DA0FC0 /* ViewsControllers */,
				6A0E0C602C2B31DB00DA0FC0 /* Coordinators  */,
				6A0E0C302C2B31A600DA0FC0 /* AppDelegate.swift */,
				6A0E0C322C2B31A600DA0FC0 /* SceneDelegate.swift */,
				6A0E0C342C2B31A600DA0FC0 /* ViewController.swift */,
				6A0E0C392C2B31A800DA0FC0 /* Assets.xcassets */,
				6A0E0C3B2C2B31A800DA0FC0 /* LaunchScreen.storyboard */,
				6A0E0C3E2C2B31A800DA0FC0 /* Info.plist */,
			);
			path = Estudo_Coordinator;
			sourceTree = "<group>";
		};
		6A0E0C462C2B31A900DA0FC0 /* Estudo_CoordinatorTests */ = {
			isa = PBXGroup;
			children = (
				6A0E0C472C2B31A900DA0FC0 /* Estudo_CoordinatorTests.swift */,
			);
			path = Estudo_CoordinatorTests;
			sourceTree = "<group>";
		};
		6A0E0C502C2B31A900DA0FC0 /* Estudo_CoordinatorUITests */ = {
			isa = PBXGroup;
			children = (
				6A0E0C512C2B31A900DA0FC0 /* Estudo_CoordinatorUITests.swift */,
				6A0E0C532C2B31A900DA0FC0 /* Estudo_CoordinatorUITestsLaunchTests.swift */,
			);
			path = Estudo_CoordinatorUITests;
			sourceTree = "<group>";
		};
		6A0E0C602C2B31DB00DA0FC0 /* Coordinators  */ = {
			isa = PBXGroup;
			children = (
				6A0E0C612C2B31FD00DA0FC0 /* AppCoordinator.swift */,
				6A0E0C632C2B320F00DA0FC0 /* MainCoordinator.swift */,
				6A0E0C652C2B321B00DA0FC0 /* Coordinator.swift */,
			);
			path = "Coordinators ";
			sourceTree = "<group>";
		};
		6A0E0C672C2B322500DA0FC0 /* ViewsControllers */ = {
			isa = PBXGroup;
			children = (
				6A0E0C682C2B323A00DA0FC0 /* FirstViewController.swift */,
				6A0E0C6A2C2B324A00DA0FC0 /* SecondViewController.swift */,
				6A0E0C6F2C2DA19F00DA0FC0 /* ThirdViewController .swift */,
			);
			path = ViewsControllers;
			sourceTree = "<group>";
		};
		6A0E0C6C2C2DA14A00DA0FC0 /* View */ = {
			isa = PBXGroup;
			children = (
				6A0E0C6D2C2DA15F00DA0FC0 /* ViewDelegate.swift */,
			);
			path = View;
			sourceTree = "<group>";
		};
/* End PBXGroup section */

/* Begin PBXNativeTarget section */
		6A0E0C2C2C2B31A600DA0FC0 /* Estudo_Coordinator */ = {
			isa = PBXNativeTarget;
			buildConfigurationList = 6A0E0C572C2B31A900DA0FC0 /* Build configuration list for PBXNativeTarget "Estudo_Coordinator" */;
			buildPhases = (
				6A0E0C292C2B31A600DA0FC0 /* Sources */,
				6A0E0C2A2C2B31A600DA0FC0 /* Frameworks */,
				6A0E0C2B2C2B31A600DA0FC0 /* Resources */,
			);
			buildRules = (
			);
			dependencies = (
			);
			name = Estudo_Coordinator;
			productName = Estudo_Coordinator;
			productReference = 6A0E0C2D2C2B31A600DA0FC0 /* Estudo_Coordinator.app */;
			productType = "com.apple.product-type.application";
		};
		6A0E0C422C2B31A900DA0FC0 /* Estudo_CoordinatorTests */ = {
			isa = PBXNativeTarget;
			buildConfigurationList = 6A0E0C5A2C2B31A900DA0FC0 /* Build configuration list for PBXNativeTarget "Estudo_CoordinatorTests" */;
			buildPhases = (
				6A0E0C3F2C2B31A900DA0FC0 /* Sources */,
				6A0E0C402C2B31A900DA0FC0 /* Frameworks */,
				6A0E0C412C2B31A900DA0FC0 /* Resources */,
			);
			buildRules = (
			);
			dependencies = (
				6A0E0C452C2B31A900DA0FC0 /* PBXTargetDependency */,
			);
			name = Estudo_CoordinatorTests;
			productName = Estudo_CoordinatorTests;
			productReference = 6A0E0C432C2B31A900DA0FC0 /* Estudo_CoordinatorTests.xctest */;
			productType = "com.apple.product-type.bundle.unit-test";
		};
		6A0E0C4C2C2B31A900DA0FC0 /* Estudo_CoordinatorUITests */ = {
			isa = PBXNativeTarget;
			buildConfigurationList = 6A0E0C5D2C2B31A900DA0FC0 /* Build configuration list for PBXNativeTarget "Estudo_CoordinatorUITests" */;
			buildPhases = (
				6A0E0C492C2B31A900DA0FC0 /* Sources */,
				6A0E0C4A2C2B31A900DA0FC0 /* Frameworks */,
				6A0E0C4B2C2B31A900DA0FC0 /* Resources */,
			);
			buildRules = (
			);
			dependencies = (
				6A0E0C4F2C2B31A900DA0FC0 /* PBXTargetDependency */,
			);
			name = Estudo_CoordinatorUITests;
			productName = Estudo_CoordinatorUITests;
			productReference = 6A0E0C4D2C2B31A900DA0FC0 /* Estudo_CoordinatorUITests.xctest */;
			productType = "com.apple.product-type.bundle.ui-testing";
		};
/* End PBXNativeTarget section */

/* Begin PBXProject section */
		6A0E0C252C2B31A600DA0FC0 /* Project object */ = {
			isa = PBXProject;
			attributes = {
				BuildIndependentTargetsInParallel = 1;
				LastSwiftUpdateCheck = 1540;
				LastUpgradeCheck = 1540;
				TargetAttributes = {
					6A0E0C2C2C2B31A600DA0FC0 = {
						CreatedOnToolsVersion = 15.4;
					};
					6A0E0C422C2B31A900DA0FC0 = {
						CreatedOnToolsVersion = 15.4;
						TestTargetID = 6A0E0C2C2C2B31A600DA0FC0;
					};
					6A0E0C4C2C2B31A900DA0FC0 = {
						CreatedOnToolsVersion = 15.4;
						TestTargetID = 6A0E0C2C2C2B31A600DA0FC0;
					};
				};
			};
			buildConfigurationList = 6A0E0C282C2B31A600DA0FC0 /* Build configuration list for PBXProject "Estudo_Coordinator" */;
			compatibilityVersion = "Xcode 14.0";
			developmentRegion = en;
			hasScannedForEncodings = 0;
			knownRegions = (
				en,
				Base,
			);
			mainGroup = 6A0E0C242C2B31A600DA0FC0;
			productRefGroup = 6A0E0C2E2C2B31A600DA0FC0 /* Products */;
			projectDirPath = "";
			projectRoot = "";
			targets = (
				6A0E0C2C2C2B31A600DA0FC0 /* Estudo_Coordinator */,
				6A0E0C422C2B31A900DA0FC0 /* Estudo_CoordinatorTests */,
				6A0E0C4C2C2B31A900DA0FC0 /* Estudo_CoordinatorUITests */,
			);
		};
/* End PBXProject section */

/* Begin PBXResourcesBuildPhase section */
		6A0E0C2B2C2B31A600DA0FC0 /* Resources */ = {
			isa = PBXResourcesBuildPhase;
			buildActionMask = 2147483647;
			files = (
				6A0E0C3A2C2B31A800DA0FC0 /* Assets.xcassets in Resources */,
				6A0E0C3D2C2B31A800DA0FC0 /* Base in Resources */,
			);
			runOnlyForDeploymentPostprocessing = 0;
		};
		6A0E0C412C2B31A900DA0FC0 /* Resources */ = {
			isa = PBXResourcesBuildPhase;
			buildActionMask = 2147483647;
			files = (
			);
			runOnlyForDeploymentPostprocessing = 0;
		};
		6A0E0C4B2C2B31A900DA0FC0 /* Resources */ = {
			isa = PBXResourcesBuildPhase;
			buildActionMask = 2147483647;
			files = (
			);
			runOnlyForDeploymentPostprocessing = 0;
		};
/* End PBXResourcesBuildPhase section */

/* Begin PBXSourcesBuildPhase section */
		6A0E0C292C2B31A600DA0FC0 /* Sources */ = {
			isa = PBXSourcesBuildPhase;
			buildActionMask = 2147483647;
			files = (
				6A0E0C6B2C2B324A00DA0FC0 /* SecondViewController.swift in Sources */,
				6A0E0C622C2B31FD00DA0FC0 /* AppCoordinator.swift in Sources */,
				6A0E0C6E2C2DA15F00DA0FC0 /* ViewDelegate.swift in Sources */,
				6A0E0C352C2B31A600DA0FC0 /* ViewController.swift in Sources */,
				6A0E0C662C2B321B00DA0FC0 /* Coordinator.swift in Sources */,
				6A0E0C702C2DA19F00DA0FC0 /* ThirdViewController .swift in Sources */,
				6A0E0C312C2B31A600DA0FC0 /* AppDelegate.swift in Sources */,
				6A0E0C642C2B320F00DA0FC0 /* MainCoordinator.swift in Sources */,
				6A0E0C332C2B31A600DA0FC0 /* SceneDelegate.swift in Sources */,
				6A0E0C692C2B323A00DA0FC0 /* FirstViewController.swift in Sources */,
			);
			runOnlyForDeploymentPostprocessing = 0;
		};
		6A0E0C3F2C2B31A900DA0FC0 /* Sources */ = {
			isa = PBXSourcesBuildPhase;
			buildActionMask = 2147483647;
			files = (
				6A0E0C482C2B31A900DA0FC0 /* Estudo_CoordinatorTests.swift in Sources */,
			);
			runOnlyForDeploymentPostprocessing = 0;
		};
		6A0E0C492C2B31A900DA0FC0 /* Sources */ = {
			isa = PBXSourcesBuildPhase;
			buildActionMask = 2147483647;
			files = (
				6A0E0C522C2B31A900DA0FC0 /* Estudo_CoordinatorUITests.swift in Sources */,
				6A0E0C542C2B31A900DA0FC0 /* Estudo_CoordinatorUITestsLaunchTests.swift in Sources */,
			);
			runOnlyForDeploymentPostprocessing = 0;
		};
/* End PBXSourcesBuildPhase section */

/* Begin PBXTargetDependency section */
		6A0E0C452C2B31A900DA0FC0 /* PBXTargetDependency */ = {
			isa = PBXTargetDependency;
			target = 6A0E0C2C2C2B31A600DA0FC0 /* Estudo_Coordinator */;
			targetProxy = 6A0E0C442C2B31A900DA0FC0 /* PBXContainerItemProxy */;
		};
		6A0E0C4F2C2B31A900DA0FC0 /* PBXTargetDependency */ = {
			isa = PBXTargetDependency;
			target = 6A0E0C2C2C2B31A600DA0FC0 /* Estudo_Coordinator */;
			targetProxy = 6A0E0C4E2C2B31A900DA0FC0 /* PBXContainerItemProxy */;
		};
/* End PBXTargetDependency section */

/* Begin PBXVariantGroup section */
		6A0E0C3B2C2B31A800DA0FC0 /* LaunchScreen.storyboard */ = {
			isa = PBXVariantGroup;
			children = (
				6A0E0C3C2C2B31A800DA0FC0 /* Base */,
			);
			name = LaunchScreen.storyboard;
			sourceTree = "<group>";
		};
/* End PBXVariantGroup section */

/* Begin XCBuildConfiguration section */
		6A0E0C552C2B31A900DA0FC0 /* Debug */ = {
			isa = XCBuildConfiguration;
			buildSettings = {
				ALWAYS_SEARCH_USER_PATHS = NO;
				ASSETCATALOG_COMPILER_GENERATE_SWIFT_ASSET_SYMBOL_EXTENSIONS = YES;
				CLANG_ANALYZER_NONNULL = YES;
				CLANG_ANALYZER_NUMBER_OBJECT_CONVERSION = YES_AGGRESSIVE;
				CLANG_CXX_LANGUAGE_STANDARD = "gnu++20";
				CLANG_ENABLE_MODULES = YES;
				CLANG_ENABLE_OBJC_ARC = YES;
				CLANG_ENABLE_OBJC_WEAK = YES;
				CLANG_WARN_BLOCK_CAPTURE_AUTORELEASING = YES;
				CLANG_WARN_BOOL_CONVERSION = YES;
				CLANG_WARN_COMMA = YES;
				CLANG_WARN_CONSTANT_CONVERSION = YES;
				CLANG_WARN_DEPRECATED_OBJC_IMPLEMENTATIONS = YES;
				CLANG_WARN_DIRECT_OBJC_ISA_USAGE = YES_ERROR;
				CLANG_WARN_DOCUMENTATION_COMMENTS = YES;
				CLANG_WARN_EMPTY_BODY = YES;
				CLANG_WARN_ENUM_CONVERSION = YES;
				CLANG_WARN_INFINITE_RECURSION = YES;
				CLANG_WARN_INT_CONVERSION = YES;
				CLANG_WARN_NON_LITERAL_NULL_CONVERSION = YES;
				CLANG_WARN_OBJC_IMPLICIT_RETAIN_SELF = YES;
				CLANG_WARN_OBJC_LITERAL_CONVERSION = YES;
				CLANG_WARN_OBJC_ROOT_CLASS = YES_ERROR;
				CLANG_WARN_QUOTED_INCLUDE_IN_FRAMEWORK_HEADER = YES;
				CLANG_WARN_RANGE_LOOP_ANALYSIS = YES;
				CLANG_WARN_STRICT_PROTOTYPES = YES;
				CLANG_WARN_SUSPICIOUS_MOVE = YES;
				CLANG_WARN_UNGUARDED_AVAILABILITY = YES_AGGRESSIVE;
				CLANG_WARN_UNREACHABLE_CODE = YES;
				CLANG_WARN__DUPLICATE_METHOD_MATCH = YES;
				COPY_PHASE_STRIP = NO;
				DEBUG_INFORMATION_FORMAT = dwarf;
				ENABLE_STRICT_OBJC_MSGSEND = YES;
				ENABLE_TESTABILITY = YES;
				ENABLE_USER_SCRIPT_SANDBOXING = YES;
				GCC_C_LANGUAGE_STANDARD = gnu17;
				GCC_DYNAMIC_NO_PIC = NO;
				GCC_NO_COMMON_BLOCKS = YES;
				GCC_OPTIMIZATION_LEVEL = 0;
				GCC_PREPROCESSOR_DEFINITIONS = (
					"DEBUG=1",
					"$(inherited)",
				);
				GCC_WARN_64_TO_32_BIT_CONVERSION = YES;
				GCC_WARN_ABOUT_RETURN_TYPE = YES_ERROR;
				GCC_WARN_UNDECLARED_SELECTOR = YES;
				GCC_WARN_UNINITIALIZED_AUTOS = YES_AGGRESSIVE;
				GCC_WARN_UNUSED_FUNCTION = YES;
				GCC_WARN_UNUSED_VARIABLE = YES;
				IPHONEOS_DEPLOYMENT_TARGET = 17.5;
				LOCALIZATION_PREFERS_STRING_CATALOGS = YES;
				MTL_ENABLE_DEBUG_INFO = INCLUDE_SOURCE;
				MTL_FAST_MATH = YES;
				ONLY_ACTIVE_ARCH = YES;
				SDKROOT = iphoneos;
				SWIFT_ACTIVE_COMPILATION_CONDITIONS = "DEBUG $(inherited)";
				SWIFT_OPTIMIZATION_LEVEL = "-Onone";
			};
			name = Debug;
		};
		6A0E0C562C2B31A900DA0FC0 /* Release */ = {
			isa = XCBuildConfiguration;
			buildSettings = {
				ALWAYS_SEARCH_USER_PATHS = NO;
				ASSETCATALOG_COMPILER_GENERATE_SWIFT_ASSET_SYMBOL_EXTENSIONS = YES;
				CLANG_ANALYZER_NONNULL = YES;
				CLANG_ANALYZER_NUMBER_OBJECT_CONVERSION = YES_AGGRESSIVE;
				CLANG_CXX_LANGUAGE_STANDARD = "gnu++20";
				CLANG_ENABLE_MODULES = YES;
				CLANG_ENABLE_OBJC_ARC = YES;
				CLANG_ENABLE_OBJC_WEAK = YES;
				CLANG_WARN_BLOCK_CAPTURE_AUTORELEASING = YES;
				CLANG_WARN_BOOL_CONVERSION = YES;
				CLANG_WARN_COMMA = YES;
				CLANG_WARN_CONSTANT_CONVERSION = YES;
				CLANG_WARN_DEPRECATED_OBJC_IMPLEMENTATIONS = YES;
				CLANG_WARN_DIRECT_OBJC_ISA_USAGE = YES_ERROR;
				CLANG_WARN_DOCUMENTATION_COMMENTS = YES;
				CLANG_WARN_EMPTY_BODY = YES;
				CLANG_WARN_ENUM_CONVERSION = YES;
				CLANG_WARN_INFINITE_RECURSION = YES;
				CLANG_WARN_INT_CONVERSION = YES;
				CLANG_WARN_NON_LITERAL_NULL_CONVERSION = YES;
				CLANG_WARN_OBJC_IMPLICIT_RETAIN_SELF = YES;
				CLANG_WARN_OBJC_LITERAL_CONVERSION = YES;
				CLANG_WARN_OBJC_ROOT_CLASS = YES_ERROR;
				CLANG_WARN_QUOTED_INCLUDE_IN_FRAMEWORK_HEADER = YES;
				CLANG_WARN_RANGE_LOOP_ANALYSIS = YES;
				CLANG_WARN_STRICT_PROTOTYPES = YES;
				CLANG_WARN_SUSPICIOUS_MOVE = YES;
				CLANG_WARN_UNGUARDED_AVAILABILITY = YES_AGGRESSIVE;
				CLANG_WARN_UNREACHABLE_CODE = YES;
				CLANG_WARN__DUPLICATE_METHOD_MATCH = YES;
				COPY_PHASE_STRIP = NO;
				DEBUG_INFORMATION_FORMAT = "dwarf-with-dsym";
				ENABLE_NS_ASSERTIONS = NO;
				ENABLE_STRICT_OBJC_MSGSEND = YES;
				ENABLE_USER_SCRIPT_SANDBOXING = YES;
				GCC_C_LANGUAGE_STANDARD = gnu17;
				GCC_NO_COMMON_BLOCKS = YES;
				GCC_WARN_64_TO_32_BIT_CONVERSION = YES;
				GCC_WARN_ABOUT_RETURN_TYPE = YES_ERROR;
				GCC_WARN_UNDECLARED_SELECTOR = YES;
				GCC_WARN_UNINITIALIZED_AUTOS = YES_AGGRESSIVE;
				GCC_WARN_UNUSED_FUNCTION = YES;
				GCC_WARN_UNUSED_VARIABLE = YES;
				IPHONEOS_DEPLOYMENT_TARGET = 17.5;
				LOCALIZATION_PREFERS_STRING_CATALOGS = YES;
				MTL_ENABLE_DEBUG_INFO = NO;
				MTL_FAST_MATH = YES;
				SDKROOT = iphoneos;
				SWIFT_COMPILATION_MODE = wholemodule;
				VALIDATE_PRODUCT = YES;
			};
			name = Release;
		};
		6A0E0C582C2B31A900DA0FC0 /* Debug */ = {
			isa = XCBuildConfiguration;
			buildSettings = {
				ASSETCATALOG_COMPILER_APPICON_NAME = AppIcon;
				ASSETCATALOG_COMPILER_GLOBAL_ACCENT_COLOR_NAME = AccentColor;
				CODE_SIGN_STYLE = Automatic;
				CURRENT_PROJECT_VERSION = 1;
				DEVELOPMENT_TEAM = GVZ365R9Z5;
				GENERATE_INFOPLIST_FILE = YES;
				INFOPLIST_FILE = Estudo_Coordinator/Info.plist;
				INFOPLIST_KEY_UIApplicationSupportsIndirectInputEvents = YES;
				INFOPLIST_KEY_UILaunchStoryboardName = LaunchScreen;
				INFOPLIST_KEY_UISupportedInterfaceOrientations_iPad = "UIInterfaceOrientationPortrait UIInterfaceOrientationPortraitUpsideDown UIInterfaceOrientationLandscapeLeft UIInterfaceOrientationLandscapeRight";
				INFOPLIST_KEY_UISupportedInterfaceOrientations_iPhone = "UIInterfaceOrientationPortrait UIInterfaceOrientationLandscapeLeft UIInterfaceOrientationLandscapeRight";
				LD_RUNPATH_SEARCH_PATHS = (
					"$(inherited)",
					"@executable_path/Frameworks",
				);
				MARKETING_VERSION = 1.0;
				PRODUCT_BUNDLE_IDENTIFIER = "rodrigues.com.Estudo-Coordinator";
				PRODUCT_NAME = "$(TARGET_NAME)";
				SWIFT_EMIT_LOC_STRINGS = YES;
				SWIFT_VERSION = 5.0;
				TARGETED_DEVICE_FAMILY = "1,2";
			};
			name = Debug;
		};
		6A0E0C592C2B31A900DA0FC0 /* Release */ = {
			isa = XCBuildConfiguration;
			buildSettings = {
				ASSETCATALOG_COMPILER_APPICON_NAME = AppIcon;
				ASSETCATALOG_COMPILER_GLOBAL_ACCENT_COLOR_NAME = AccentColor;
				CODE_SIGN_STYLE = Automatic;
				CURRENT_PROJECT_VERSION = 1;
				DEVELOPMENT_TEAM = GVZ365R9Z5;
				GENERATE_INFOPLIST_FILE = YES;
				INFOPLIST_FILE = Estudo_Coordinator/Info.plist;
				INFOPLIST_KEY_UIApplicationSupportsIndirectInputEvents = YES;
				INFOPLIST_KEY_UILaunchStoryboardName = LaunchScreen;
				INFOPLIST_KEY_UISupportedInterfaceOrientations_iPad = "UIInterfaceOrientationPortrait UIInterfaceOrientationPortraitUpsideDown UIInterfaceOrientationLandscapeLeft UIInterfaceOrientationLandscapeRight";
				INFOPLIST_KEY_UISupportedInterfaceOrientations_iPhone = "UIInterfaceOrientationPortrait UIInterfaceOrientationLandscapeLeft UIInterfaceOrientationLandscapeRight";
				LD_RUNPATH_SEARCH_PATHS = (
					"$(inherited)",
					"@executable_path/Frameworks",
				);
				MARKETING_VERSION = 1.0;
				PRODUCT_BUNDLE_IDENTIFIER = "rodrigues.com.Estudo-Coordinator";
				PRODUCT_NAME = "$(TARGET_NAME)";
				SWIFT_EMIT_LOC_STRINGS = YES;
				SWIFT_VERSION = 5.0;
				TARGETED_DEVICE_FAMILY = "1,2";
			};
			name = Release;
		};
		6A0E0C5B2C2B31A900DA0FC0 /* Debug */ = {
			isa = XCBuildConfiguration;
			buildSettings = {
				ALWAYS_EMBED_SWIFT_STANDARD_LIBRARIES = YES;
				BUNDLE_LOADER = "$(TEST_HOST)";
				CODE_SIGN_STYLE = Automatic;
				CURRENT_PROJECT_VERSION = 1;
				DEVELOPMENT_TEAM = GVZ365R9Z5;
				GENERATE_INFOPLIST_FILE = YES;
				IPHONEOS_DEPLOYMENT_TARGET = 17.5;
				MARKETING_VERSION = 1.0;
				PRODUCT_BUNDLE_IDENTIFIER = "rodrigues.com.Estudo-CoordinatorTests";
				PRODUCT_NAME = "$(TARGET_NAME)";
				SWIFT_EMIT_LOC_STRINGS = NO;
				SWIFT_VERSION = 5.0;
				TARGETED_DEVICE_FAMILY = "1,2";
				TEST_HOST = "$(BUILT_PRODUCTS_DIR)/Estudo_Coordinator.app/$(BUNDLE_EXECUTABLE_FOLDER_PATH)/Estudo_Coordinator";
			};
			name = Debug;
		};
		6A0E0C5C2C2B31A900DA0FC0 /* Release */ = {
			isa = XCBuildConfiguration;
			buildSettings = {
				ALWAYS_EMBED_SWIFT_STANDARD_LIBRARIES = YES;
				BUNDLE_LOADER = "$(TEST_HOST)";
				CODE_SIGN_STYLE = Automatic;
				CURRENT_PROJECT_VERSION = 1;
				DEVELOPMENT_TEAM = GVZ365R9Z5;
				GENERATE_INFOPLIST_FILE = YES;
				IPHONEOS_DEPLOYMENT_TARGET = 17.5;
				MARKETING_VERSION = 1.0;
				PRODUCT_BUNDLE_IDENTIFIER = "rodrigues.com.Estudo-CoordinatorTests";
				PRODUCT_NAME = "$(TARGET_NAME)";
				SWIFT_EMIT_LOC_STRINGS = NO;
				SWIFT_VERSION = 5.0;
				TARGETED_DEVICE_FAMILY = "1,2";
				TEST_HOST = "$(BUILT_PRODUCTS_DIR)/Estudo_Coordinator.app/$(BUNDLE_EXECUTABLE_FOLDER_PATH)/Estudo_Coordinator";
			};
			name = Release;
		};
		6A0E0C5E2C2B31A900DA0FC0 /* Debug */ = {
			isa = XCBuildConfiguration;
			buildSettings = {
				ALWAYS_EMBED_SWIFT_STANDARD_LIBRARIES = YES;
				CODE_SIGN_STYLE = Automatic;
				CURRENT_PROJECT_VERSION = 1;
				DEVELOPMENT_TEAM = GVZ365R9Z5;
				GENERATE_INFOPLIST_FILE = YES;
				MARKETING_VERSION = 1.0;
				PRODUCT_BUNDLE_IDENTIFIER = "rodrigues.com.Estudo-CoordinatorUITests";
				PRODUCT_NAME = "$(TARGET_NAME)";
				SWIFT_EMIT_LOC_STRINGS = NO;
				SWIFT_VERSION = 5.0;
				TARGETED_DEVICE_FAMILY = "1,2";
				TEST_TARGET_NAME = Estudo_Coordinator;
			};
			name = Debug;
		};
		6A0E0C5F2C2B31A900DA0FC0 /* Release */ = {
			isa = XCBuildConfiguration;
			buildSettings = {
				ALWAYS_EMBED_SWIFT_STANDARD_LIBRARIES = YES;
				CODE_SIGN_STYLE = Automatic;
				CURRENT_PROJECT_VERSION = 1;
				DEVELOPMENT_TEAM = GVZ365R9Z5;
				GENERATE_INFOPLIST_FILE = YES;
				MARKETING_VERSION = 1.0;
				PRODUCT_BUNDLE_IDENTIFIER = "rodrigues.com.Estudo-CoordinatorUITests";
				PRODUCT_NAME = "$(TARGET_NAME)";
				SWIFT_EMIT_LOC_STRINGS = NO;
				SWIFT_VERSION = 5.0;
				TARGETED_DEVICE_FAMILY = "1,2";
				TEST_TARGET_NAME = Estudo_Coordinator;
			};
			name = Release;
		};
/* End XCBuildConfiguration section */

/* Begin XCConfigurationList section */
		6A0E0C282C2B31A600DA0FC0 /* Build configuration list for PBXProject "Estudo_Coordinator" */ = {
			isa = XCConfigurationList;
			buildConfigurations = (
				6A0E0C552C2B31A900DA0FC0 /* Debug */,
				6A0E0C562C2B31A900DA0FC0 /* Release */,
			);
			defaultConfigurationIsVisible = 0;
			defaultConfigurationName = Release;
		};
		6A0E0C572C2B31A900DA0FC0 /* Build configuration list for PBXNativeTarget "Estudo_Coordinator" */ = {
			isa = XCConfigurationList;
			buildConfigurations = (
				6A0E0C582C2B31A900DA0FC0 /* Debug */,
				6A0E0C592C2B31A900DA0FC0 /* Release */,
			);
			defaultConfigurationIsVisible = 0;
			defaultConfigurationName = Release;
		};
		6A0E0C5A2C2B31A900DA0FC0 /* Build configuration list for PBXNativeTarget "Estudo_CoordinatorTests" */ = {
			isa = XCConfigurationList;
			buildConfigurations = (
				6A0E0C5B2C2B31A900DA0FC0 /* Debug */,
				6A0E0C5C2C2B31A900DA0FC0 /* Release */,
			);
			defaultConfigurationIsVisible = 0;
			defaultConfigurationName = Release;
		};
		6A0E0C5D2C2B31A900DA0FC0 /* Build configuration list for PBXNativeTarget "Estudo_CoordinatorUITests" */ = {
			isa = XCConfigurationList;
			buildConfigurations = (
				6A0E0C5E2C2B31A900DA0FC0 /* Debug */,
				6A0E0C5F2C2B31A900DA0FC0 /* Release */,
			);
			defaultConfigurationIsVisible = 0;
			defaultConfigurationName = Release;
		};
/* End XCConfigurationList section */
	};
	rootObject = 6A0E0C252C2B31A600DA0FC0 /* Project object */;
}
